// !$*UTF8*$!
{
	archiveVersion = 1;
	classes = {
	};
	objectVersion = 46;
	objects = {

/* Begin PBXBuildFile section */
		659B2CB719B91E75002B6954 /* Foundation.framework in Frameworks */ = {isa = PBXBuildFile; fileRef = 659B2CB619B91E75002B6954 /* Foundation.framework */; };
		659B2CB919B91E75002B6954 /* CoreGraphics.framework in Frameworks */ = {isa = PBXBuildFile; fileRef = 659B2CB819B91E75002B6954 /* CoreGraphics.framework */; };
		659B2CBB19B91E75002B6954 /* UIKit.framework in Frameworks */ = {isa = PBXBuildFile; fileRef = 659B2CBA19B91E75002B6954 /* UIKit.framework */; };
		659B2CC119B91E75002B6954 /* InfoPlist.strings in Resources */ = {isa = PBXBuildFile; fileRef = 659B2CBF19B91E75002B6954 /* InfoPlist.strings */; };
		659B2CC319B91E75002B6954 /* main.m in Sources */ = {isa = PBXBuildFile; fileRef = 659B2CC219B91E75002B6954 /* main.m */; };
		659B2CC719B91E75002B6954 /* MGAppDelegate.m in Sources */ = {isa = PBXBuildFile; fileRef = 659B2CC619B91E75002B6954 /* MGAppDelegate.m */; };
		659B2CCA19B91E75002B6954 /* Main.storyboard in Resources */ = {isa = PBXBuildFile; fileRef = 659B2CC819B91E75002B6954 /* Main.storyboard */; };
		659B2CCD19B91E75002B6954 /* MGMasterViewController.m in Sources */ = {isa = PBXBuildFile; fileRef = 659B2CCC19B91E75002B6954 /* MGMasterViewController.m */; };
		659B2CD219B91E75002B6954 /* Images.xcassets in Resources */ = {isa = PBXBuildFile; fileRef = 659B2CD119B91E75002B6954 /* Images.xcassets */; };
		659B2CD919B91E75002B6954 /* XCTest.framework in Frameworks */ = {isa = PBXBuildFile; fileRef = 659B2CD819B91E75002B6954 /* XCTest.framework */; };
		659B2CDA19B91E75002B6954 /* Foundation.framework in Frameworks */ = {isa = PBXBuildFile; fileRef = 659B2CB619B91E75002B6954 /* Foundation.framework */; };
		659B2CDB19B91E75002B6954 /* UIKit.framework in Frameworks */ = {isa = PBXBuildFile; fileRef = 659B2CBA19B91E75002B6954 /* UIKit.framework */; };
		659B2CE319B91E75002B6954 /* InfoPlist.strings in Resources */ = {isa = PBXBuildFile; fileRef = 659B2CE119B91E75002B6954 /* InfoPlist.strings */; };
		659B2CE519B91E75002B6954 /* MGExpandCellExampleTests.m in Sources */ = {isa = PBXBuildFile; fileRef = 659B2CE419B91E75002B6954 /* MGExpandCellExampleTests.m */; };
		659B2CF319B921FF002B6954 /* MGDataCell.m in Sources */ = {isa = PBXBuildFile; fileRef = 659B2CF219B921FF002B6954 /* MGDataCell.m */; };
/* End PBXBuildFile section */

/* Begin PBXContainerItemProxy section */
		659B2CDC19B91E75002B6954 /* PBXContainerItemProxy */ = {
			isa = PBXContainerItemProxy;
			containerPortal = 659B2CAB19B91E75002B6954 /* Project object */;
			proxyType = 1;
			remoteGlobalIDString = 659B2CB219B91E75002B6954;
			remoteInfo = MGExpandCellExample;
		};
/* End PBXContainerItemProxy section */

/* Begin PBXFileReference section */
		659B2CB319B91E75002B6954 /* MGExpandCellExample.app */ = {isa = PBXFileReference; explicitFileType = wrapper.application; includeInIndex = 0; path = MGExpandCellExample.app; sourceTree = BUILT_PRODUCTS_DIR; };
		659B2CB619B91E75002B6954 /* Foundation.framework */ = {isa = PBXFileReference; lastKnownFileType = wrapper.framework; name = Foundation.framework; path = System/Library/Frameworks/Foundation.framework; sourceTree = SDKROOT; };
		659B2CB819B91E75002B6954 /* CoreGraphics.framework */ = {isa = PBXFileReference; lastKnownFileType = wrapper.framework; name = CoreGraphics.framework; path = System/Library/Frameworks/CoreGraphics.framework; sourceTree = SDKROOT; };
		659B2CBA19B91E75002B6954 /* UIKit.framework */ = {isa = PBXFileReference; lastKnownFileType = wrapper.framework; name = UIKit.framework; path = System/Library/Frameworks/UIKit.framework; sourceTree = SDKROOT; };
		659B2CBE19B91E75002B6954 /* MGExpandCellExample-Info.plist */ = {isa = PBXFileReference; lastKnownFileType = text.plist.xml; path = "MGExpandCellExample-Info.plist"; sourceTree = "<group>"; };
		659B2CC019B91E75002B6954 /* en */ = {isa = PBXFileReference; lastKnownFileType = text.plist.strings; name = en; path = en.lproj/InfoPlist.strings; sourceTree = "<group>"; };
		659B2CC219B91E75002B6954 /* main.m */ = {isa = PBXFileReference; lastKnownFileType = sourcecode.c.objc; path = main.m; sourceTree = "<group>"; };
		659B2CC419B91E75002B6954 /* MGExpandCellExample-Prefix.pch */ = {isa = PBXFileReference; lastKnownFileType = sourcecode.c.h; path = "MGExpandCellExample-Prefix.pch"; sourceTree = "<group>"; };
		659B2CC519B91E75002B6954 /* MGAppDelegate.h */ = {isa = PBXFileReference; lastKnownFileType = sourcecode.c.h; path = MGAppDelegate.h; sourceTree = "<group>"; };
		659B2CC619B91E75002B6954 /* MGAppDelegate.m */ = {isa = PBXFileReference; lastKnownFileType = sourcecode.c.objc; path = MGAppDelegate.m; sourceTree = "<group>"; };
		659B2CC919B91E75002B6954 /* Base */ = {isa = PBXFileReference; lastKnownFileType = file.storyboard; name = Base; path = Base.lproj/Main.storyboard; sourceTree = "<group>"; };
		659B2CCB19B91E75002B6954 /* MGMasterViewController.h */ = {isa = PBXFileReference; lastKnownFileType = sourcecode.c.h; path = MGMasterViewController.h; sourceTree = "<group>"; };
		659B2CCC19B91E75002B6954 /* MGMasterViewController.m */ = {isa = PBXFileReference; lastKnownFileType = sourcecode.c.objc; path = MGMasterViewController.m; sourceTree = "<group>"; };
		659B2CD119B91E75002B6954 /* Images.xcassets */ = {isa = PBXFileReference; lastKnownFileType = folder.assetcatalog; path = Images.xcassets; sourceTree = "<group>"; };
		659B2CD719B91E75002B6954 /* MGExpandCellExampleTests.xctest */ = {isa = PBXFileReference; explicitFileType = wrapper.cfbundle; includeInIndex = 0; path = MGExpandCellExampleTests.xctest; sourceTree = BUILT_PRODUCTS_DIR; };
		659B2CD819B91E75002B6954 /* XCTest.framework */ = {isa = PBXFileReference; lastKnownFileType = wrapper.framework; name = XCTest.framework; path = Library/Frameworks/XCTest.framework; sourceTree = DEVELOPER_DIR; };
		659B2CE019B91E75002B6954 /* MGExpandCellExampleTests-Info.plist */ = {isa = PBXFileReference; lastKnownFileType = text.plist.xml; path = "MGExpandCellExampleTests-Info.plist"; sourceTree = "<group>"; };
		659B2CE219B91E75002B6954 /* en */ = {isa = PBXFileReference; lastKnownFileType = text.plist.strings; name = en; path = en.lproj/InfoPlist.strings; sourceTree = "<group>"; };
		659B2CE419B91E75002B6954 /* MGExpandCellExampleTests.m */ = {isa = PBXFileReference; lastKnownFileType = sourcecode.c.objc; path = MGExpandCellExampleTests.m; sourceTree = "<group>"; };
		659B2CF119B921FF002B6954 /* MGDataCell.h */ = {isa = PBXFileReference; fileEncoding = 4; lastKnownFileType = sourcecode.c.h; path = MGDataCell.h; sourceTree = "<group>"; };
		659B2CF219B921FF002B6954 /* MGDataCell.m */ = {isa = PBXFileReference; fileEncoding = 4; lastKnownFileType = sourcecode.c.objc; path = MGDataCell.m; sourceTree = "<group>"; };
/* End PBXFileReference section */

/* Begin PBXFrameworksBuildPhase section */
		659B2CB019B91E75002B6954 /* Frameworks */ = {
			isa = PBXFrameworksBuildPhase;
			buildActionMask = 2147483647;
			files = (
				659B2CB919B91E75002B6954 /* CoreGraphics.framework in Frameworks */,
				659B2CBB19B91E75002B6954 /* UIKit.framework in Frameworks */,
				659B2CB719B91E75002B6954 /* Foundation.framework in Frameworks */,
			);
			runOnlyForDeploymentPostprocessing = 0;
		};
		659B2CD419B91E75002B6954 /* Frameworks */ = {
			isa = PBXFrameworksBuildPhase;
			buildActionMask = 2147483647;
			files = (
				659B2CD919B91E75002B6954 /* XCTest.framework in Frameworks */,
				659B2CDB19B91E75002B6954 /* UIKit.framework in Frameworks */,
				659B2CDA19B91E75002B6954 /* Foundation.framework in Frameworks */,
			);
			runOnlyForDeploymentPostprocessing = 0;
		};
/* End PBXFrameworksBuildPhase section */

/* Begin PBXGroup section */
		659B2CAA19B91E75002B6954 = {
			isa = PBXGroup;
			children = (
				659B2CBC19B91E75002B6954 /* MGExpandCellExample */,
				659B2CDE19B91E75002B6954 /* MGExpandCellExampleTests */,
				659B2CB519B91E75002B6954 /* Frameworks */,
				659B2CB419B91E75002B6954 /* Products */,
			);
			sourceTree = "<group>";
		};
		659B2CB419B91E75002B6954 /* Products */ = {
			isa = PBXGroup;
			children = (
				659B2CB319B91E75002B6954 /* MGExpandCellExample.app */,
				659B2CD719B91E75002B6954 /* MGExpandCellExampleTests.xctest */,
			);
			name = Products;
			sourceTree = "<group>";
		};
		659B2CB519B91E75002B6954 /* Frameworks */ = {
			isa = PBXGroup;
			children = (
				659B2CB619B91E75002B6954 /* Foundation.framework */,
				659B2CB819B91E75002B6954 /* CoreGraphics.framework */,
				659B2CBA19B91E75002B6954 /* UIKit.framework */,
				659B2CD819B91E75002B6954 /* XCTest.framework */,
			);
			name = Frameworks;
			sourceTree = "<group>";
		};
		659B2CBC19B91E75002B6954 /* MGExpandCellExample */ = {
			isa = PBXGroup;
			children = (
				659B2CC519B91E75002B6954 /* MGAppDelegate.h */,
				659B2CC619B91E75002B6954 /* MGAppDelegate.m */,
				659B2CC819B91E75002B6954 /* Main.storyboard */,
				659B2CCB19B91E75002B6954 /* MGMasterViewController.h */,
				659B2CCC19B91E75002B6954 /* MGMasterViewController.m */,
				659B2CD119B91E75002B6954 /* Images.xcassets */,
				659B2CBD19B91E75002B6954 /* Supporting Files */,
				659B2CF119B921FF002B6954 /* MGDataCell.h */,
				659B2CF219B921FF002B6954 /* MGDataCell.m */,
			);
			path = MGExpandCellExample;
			sourceTree = "<group>";
		};
		659B2CBD19B91E75002B6954 /* Supporting Files */ = {
			isa = PBXGroup;
			children = (
				659B2CBE19B91E75002B6954 /* MGExpandCellExample-Info.plist */,
				659B2CBF19B91E75002B6954 /* InfoPlist.strings */,
				659B2CC219B91E75002B6954 /* main.m */,
				659B2CC419B91E75002B6954 /* MGExpandCellExample-Prefix.pch */,
			);
			name = "Supporting Files";
			sourceTree = "<group>";
		};
		659B2CDE19B91E75002B6954 /* MGExpandCellExampleTests */ = {
			isa = PBXGroup;
			children = (
				659B2CE419B91E75002B6954 /* MGExpandCellExampleTests.m */,
				659B2CDF19B91E75002B6954 /* Supporting Files */,
			);
			path = MGExpandCellExampleTests;
			sourceTree = "<group>";
		};
		659B2CDF19B91E75002B6954 /* Supporting Files */ = {
			isa = PBXGroup;
			children = (
				659B2CE019B91E75002B6954 /* MGExpandCellExampleTests-Info.plist */,
				659B2CE119B91E75002B6954 /* InfoPlist.strings */,
			);
			name = "Supporting Files";
			sourceTree = "<group>";
		};
/* End PBXGroup section */

/* Begin PBXNativeTarget section */
		659B2CB219B91E75002B6954 /* MGExpandCellExample */ = {
			isa = PBXNativeTarget;
			buildConfigurationList = 659B2CE819B91E75002B6954 /* Build configuration list for PBXNativeTarget "MGExpandCellExample" */;
			buildPhases = (
				659B2CAF19B91E75002B6954 /* Sources */,
				659B2CB019B91E75002B6954 /* Frameworks */,
				659B2CB119B91E75002B6954 /* Resources */,
			);
			buildRules = (
			);
			dependencies = (
			);
			name = MGExpandCellExample;
			productName = MGExpandCellExample;
			productReference = 659B2CB319B91E75002B6954 /* MGExpandCellExample.app */;
			productType = "com.apple.product-type.application";
		};
		659B2CD619B91E75002B6954 /* MGExpandCellExampleTests */ = {
			isa = PBXNativeTarget;
			buildConfigurationList = 659B2CEB19B91E75002B6954 /* Build configuration list for PBXNativeTarget "MGExpandCellExampleTests" */;
			buildPhases = (
				659B2CD319B91E75002B6954 /* Sources */,
				659B2CD419B91E75002B6954 /* Frameworks */,
				659B2CD519B91E75002B6954 /* Resources */,
			);
			buildRules = (
			);
			dependencies = (
				659B2CDD19B91E75002B6954 /* PBXTargetDependency */,
			);
			name = MGExpandCellExampleTests;
			productName = MGExpandCellExampleTests;
			productReference = 659B2CD719B91E75002B6954 /* MGExpandCellExampleTests.xctest */;
			productType = "com.apple.product-type.bundle.unit-test";
		};
/* End PBXNativeTarget section */

/* Begin PBXProject section */
		659B2CAB19B91E75002B6954 /* Project object */ = {
			isa = PBXProject;
			attributes = {
				CLASSPREFIX = MG;
				LastUpgradeCheck = 0510;
				ORGANIZATIONNAME = "Matteo Gobbi";
				TargetAttributes = {
					659B2CD619B91E75002B6954 = {
						TestTargetID = 659B2CB219B91E75002B6954;
					};
				};
			};
			buildConfigurationList = 659B2CAE19B91E75002B6954 /* Build configuration list for PBXProject "MGExpandCellExample" */;
			compatibilityVersion = "Xcode 3.2";
			developmentRegion = English;
			hasScannedForEncodings = 0;
			knownRegions = (
				en,
				Base,
			);
			mainGroup = 659B2CAA19B91E75002B6954;
			productRefGroup = 659B2CB419B91E75002B6954 /* Products */;
			projectDirPath = "";
			projectRoot = "";
			targets = (
				659B2CB219B91E75002B6954 /* MGExpandCellExample */,
				659B2CD619B91E75002B6954 /* MGExpandCellExampleTests */,
			);
		};
/* End PBXProject section */

/* Begin PBXResourcesBuildPhase section */
		659B2CB119B91E75002B6954 /* Resources */ = {
			isa = PBXResourcesBuildPhase;
			buildActionMask = 2147483647;
			files = (
				659B2CD219B91E75002B6954 /* Images.xcassets in Resources */,
				659B2CC119B91E75002B6954 /* InfoPlist.strings in Resources */,
				659B2CCA19B91E75002B6954 /* Main.storyboard in Resources */,
			);
			runOnlyForDeploymentPostprocessing = 0;
		};
		659B2CD519B91E75002B6954 /* Resources */ = {
			isa = PBXResourcesBuildPhase;
			buildActionMask = 2147483647;
			files = (
				659B2CE319B91E75002B6954 /* InfoPlist.strings in Resources */,
			);
			runOnlyForDeploymentPostprocessing = 0;
		};
/* End PBXResourcesBuildPhase section */

/* Begin PBXSourcesBuildPhase section */
		659B2CAF19B91E75002B6954 /* Sources */ = {
			isa = PBXSourcesBuildPhase;
			buildActionMask = 2147483647;
			files = (
				659B2CC719B91E75002B6954 /* MGAppDelegate.m in Sources */,
				659B2CF319B921FF002B6954 /* MGDataCell.m in Sources */,
				659B2CCD19B91E75002B6954 /* MGMasterViewController.m in Sources */,
				659B2CC319B91E75002B6954 /* main.m in Sources */,
			);
			runOnlyForDeploymentPostprocessing = 0;
		};
		659B2CD319B91E75002B6954 /* Sources */ = {
			isa = PBXSourcesBuildPhase;
			buildActionMask = 2147483647;
			files = (
				659B2CE519B91E75002B6954 /* MGExpandCellExampleTests.m in Sources */,
			);
			runOnlyForDeploymentPostprocessing = 0;
		};
/* End PBXSourcesBuildPhase section */

/* Begin PBXTargetDependency section */
		659B2CDD19B91E75002B6954 /* PBXTargetDependency */ = {
			isa = PBXTargetDependency;
			target = 659B2CB219B91E75002B6954 /* MGExpandCellExample */;
			targetProxy = 659B2CDC19B91E75002B6954 /* PBXContainerItemProxy */;
		};
/* End PBXTargetDependency section */

/* Begin PBXVariantGroup section */
		659B2CBF19B91E75002B6954 /* InfoPlist.strings */ = {
			isa = PBXVariantGroup;
			children = (
				659B2CC019B91E75002B6954 /* en */,
			);
			name = InfoPlist.strings;
			sourceTree = "<group>";
		};
		659B2CC819B91E75002B6954 /* Main.storyboard */ = {
			isa = PBXVariantGroup;
			children = (
				659B2CC919B91E75002B6954 /* Base */,
			);
			name = Main.storyboard;
			sourceTree = "<group>";
		};
		659B2CE119B91E75002B6954 /* InfoPlist.strings */ = {
			isa = PBXVariantGroup;
			children = (
				659B2CE219B91E75002B6954 /* en */,
			);
			name = InfoPlist.strings;
			sourceTree = "<group>";
		};
/* End PBXVariantGroup section */

/* Begin XCBuildConfiguration section */
		659B2CE619B91E75002B6954 /* Debug */ = {
			isa = XCBuildConfiguration;
			buildSettings = {
				ALWAYS_SEARCH_USER_PATHS = NO;
				CLANG_CXX_LANGUAGE_STANDARD = "gnu++0x";
				CLANG_CXX_LIBRARY = "libc++";
				CLANG_ENABLE_MODULES = YES;
				CLANG_ENABLE_OBJC_ARC = YES;
				CLANG_WARN_BOOL_CONVERSION = YES;
				CLANG_WARN_CONSTANT_CONVERSION = YES;
				CLANG_WARN_DIRECT_OBJC_ISA_USAGE = YES_ERROR;
				CLANG_WARN_EMPTY_BODY = YES;
				CLANG_WARN_ENUM_CONVERSION = YES;
				CLANG_WARN_INT_CONVERSION = YES;
				CLANG_WARN_OBJC_ROOT_CLASS = YES_ERROR;
				CLANG_WARN__DUPLICATE_METHOD_MATCH = YES;
				"CODE_SIGN_IDENTITY[sdk=iphoneos*]" = "iPhone Developer";
				COPY_PHASE_STRIP = NO;
				GCC_C_LANGUAGE_STANDARD = gnu99;
				GCC_DYNAMIC_NO_PIC = NO;
				GCC_OPTIMIZATION_LEVEL = 0;
				GCC_PREPROCESSOR_DEFINITIONS = (
					"DEBUG=1",
					"$(inherited)",
				);
				GCC_SYMBOLS_PRIVATE_EXTERN = NO;
				GCC_WARN_64_TO_32_BIT_CONVERSION = YES;
				GCC_WARN_ABOUT_RETURN_TYPE = YES_ERROR;
				GCC_WARN_UNDECLARED_SELECTOR = YES;
				GCC_WARN_UNINITIALIZED_AUTOS = YES_AGGRESSIVE;
				GCC_WARN_UNUSED_FUNCTION = YES;
				GCC_WARN_UNUSED_VARIABLE = YES;
				IPHONEOS_DEPLOYMENT_TARGET = 7.1;
				ONLY_ACTIVE_ARCH = YES;
				SDKROOT = iphoneos;
			};
			name = Debug;
		};
		659B2CE719B91E75002B6954 /* Release */ = {
			isa = XCBuildConfiguration;
			buildSettings = {
				ALWAYS_SEARCH_USER_PATHS = NO;
				CLANG_CXX_LANGUAGE_STANDARD = "gnu++0x";
				CLANG_CXX_LIBRARY = "libc++";
				CLANG_ENABLE_MODULES = YES;
				CLANG_ENABLE_OBJC_ARC = YES;
				CLANG_WARN_BOOL_CONVERSION = YES;
				CLANG_WARN_CONSTANT_CONVERSION = YES;
				CLANG_WARN_DIRECT_OBJC_ISA_USAGE = YES_ERROR;
				CLANG_WARN_EMPTY_BODY = YES;
				CLANG_WARN_ENUM_CONVERSION = YES;
				CLANG_WARN_INT_CONVERSION = YES;
				CLANG_WARN_OBJC_ROOT_CLASS = YES_ERROR;
				CLANG_WARN__DUPLICATE_METHOD_MATCH = YES;
				"CODE_SIGN_IDENTITY[sdk=iphoneos*]" = "iPhone Developer";
				COPY_PHASE_STRIP = YES;
				ENABLE_NS_ASSERTIONS = NO;
				GCC_C_LANGUAGE_STANDARD = gnu99;
				GCC_WARN_64_TO_32_BIT_CONVERSION = YES;
				GCC_WARN_ABOUT_RETURN_TYPE = YES_ERROR;
				GCC_WARN_UNDECLARED_SELECTOR = YES;
				GCC_WARN_UNINITIALIZED_AUTOS = YES_AGGRESSIVE;
				GCC_WARN_UNUSED_FUNCTION = YES;
				GCC_WARN_UNUSED_VARIABLE = YES;
				IPHONEOS_DEPLOYMENT_TARGET = 7.1;
				SDKROOT = iphoneos;
				VALIDATE_PRODUCT = YES;
			};
			name = Release;
		};
		659B2CE919B91E75002B6954 /* Debug */ = {
			isa = XCBuildConfiguration;
			buildSettings = {
				ASSETCATALOG_COMPILER_APPICON_NAME = AppIcon;
				ASSETCATALOG_COMPILER_LAUNCHIMAGE_NAME = LaunchImage;
				GCC_PRECOMPILE_PREFIX_HEADER = YES;
				GCC_PREFIX_HEADER = "MGExpandCellExample/MGExpandCellExample-Prefix.pch";
				INFOPLIST_FILE = "MGExpandCellExample/MGExpandCellExample-Info.plist";
				PRODUCT_NAME = "$(TARGET_NAME)";
				WRAPPER_EXTENSION = app;
			};
			name = Debug;
		};
		659B2CEA19B91E75002B6954 /* Release */ = {
			isa = XCBuildConfiguration;
			buildSettings = {
				ASSETCATALOG_COMPILER_APPICON_NAME = AppIcon;
				ASSETCATALOG_COMPILER_LAUNCHIMAGE_NAME = LaunchImage;
				GCC_PRECOMPILE_PREFIX_HEADER = YES;
				GCC_PREFIX_HEADER = "MGExpandCellExample/MGExpandCellExample-Prefix.pch";
				INFOPLIST_FILE = "MGExpandCellExample/MGExpandCellExample-Info.plist";
				PRODUCT_NAME = "$(TARGET_NAME)";
				WRAPPER_EXTENSION = app;
			};
			name = Release;
		};
		659B2CEC19B91E75002B6954 /* Debug */ = {
			isa = XCBuildConfiguration;
			buildSettings = {
				BUNDLE_LOADER = "$(BUILT_PRODUCTS_DIR)/MGExpandCellExample.app/MGExpandCellExample";
				FRAMEWORK_SEARCH_PATHS = (
					"$(SDKROOT)/Developer/Library/Frameworks",
					"$(inherited)",
					"$(DEVELOPER_FRAMEWORKS_DIR)",
				);
				GCC_PRECOMPILE_PREFIX_HEADER = YES;
				GCC_PREFIX_HEADER = "MGExpandCellExample/MGExpandCellExample-Prefix.pch";
				GCC_PREPROCESSOR_DEFINITIONS = (
					"DEBUG=1",
					"$(inherited)",
				);
				INFOPLIST_FILE = "MGExpandCellExampleTests/MGExpandCellExampleTests-Info.plist";
				PRODUCT_NAME = "$(TARGET_NAME)";
				TEST_HOST = "$(BUNDLE_LOADER)";
				WRAPPER_EXTENSION = xctest;
			};
			name = Debug;
		};
		659B2CED19B91E75002B6954 /* Release */ = {
			isa = XCBuildConfiguration;
			buildSettings = {
				BUNDLE_LOADER = "$(BUILT_PRODUCTS_DIR)/MGExpandCellExample.app/MGExpandCellExample";
				FRAMEWORK_SEARCH_PATHS = (
					"$(SDKROOT)/Developer/Library/Frameworks",
					"$(inherited)",
					"$(DEVELOPER_FRAMEWORKS_DIR)",
				);
				GCC_PRECOMPILE_PREFIX_HEADER = YES;
				GCC_PREFIX_HEADER = "MGExpandCellExample/MGExpandCellExample-Prefix.pch";
				INFOPLIST_FILE = "MGExpandCellExampleTests/MGExpandCellExampleTests-Info.plist";
				PRODUCT_NAME = "$(TARGET_NAME)";
				TEST_HOST = "$(BUNDLE_LOADER)";
				WRAPPER_EXTENSION = xctest;
			};
			name = Release;
		};
/* End XCBuildConfiguration section */

/* Begin XCConfigurationList section */
		659B2CAE19B91E75002B6954 /* Build configuration list for PBXProject "MGExpandCellExample" */ = {
			isa = XCConfigurationList;
			buildConfigurations = (
				659B2CE619B91E75002B6954 /* Debug */,
				659B2CE719B91E75002B6954 /* Release */,
			);
			defaultConfigurationIsVisible = 0;
			defaultConfigurationName = Release;
		};
		659B2CE819B91E75002B6954 /* Build configuration list for PBXNativeTarget "MGExpandCellExample" */ = {
			isa = XCConfigurationList;
			buildConfigurations = (
				659B2CE919B91E75002B6954 /* Debug */,
				659B2CEA19B91E75002B6954 /* Release */,
			);
			defaultConfigurationIsVisible = 0;
		};
		659B2CEB19B91E75002B6954 /* Build configuration list for PBXNativeTarget "MGExpandCellExampleTests" */ = {
			isa = XCConfigurationList;
			buildConfigurations = (
				659B2CEC19B91E75002B6954 /* Debug */,
				659B2CED19B91E75002B6954 /* Release */,
			);
			defaultConfigurationIsVisible = 0;
		};
/* End XCConfigurationList section */
	};
	rootObject = 659B2CAB19B91E75002B6954 /* Project object */;
}
